
Microsoft Visual Studio Solution File, Format Version 12.00
# Visual Studio Version 16
VisualStudioVersion = 16.0.31424.327
MinimumVisualStudioVersion = 10.0.40219.1
Project("{FAE04EC0-301F-11D3-BF4B-00C04F79EFBC}") = "SistemaVentas", "SistemaVentas\SistemaVentas.csproj", "{8DE068DA-F923-489C-98FA-A81A5AC27F85}"
EndProject
Global
	GlobalSection(SolutionConfigurationPlatforms) = preSolution
		Debug|Any CPU = Debug|Any CPU
		Release|Any CPU = Release|Any CPU
	EndGlobalSection
	GlobalSection(ProjectConfigurationPlatforms) = postSolution
		{8DE068DA-F923-489C-98FA-A81A5AC27F85}.Debug|Any CPU.ActiveCfg = Debug|Any CPU
		{8DE068DA-F923-489C-98FA-A81A5AC27F85}.Debug|Any CPU.Build.0 = Debug|Any CPU
		{8DE068DA-F923-489C-98FA-A81A5AC27F85}.Release|Any CPU.ActiveCfg = Release|Any CPU
		{8DE068DA-F923-489C-98FA-A81A5AC27F85}.Release|Any CPU.Build.0 = Release|Any CPU
	EndGlobalSection
	GlobalSection(SolutionProperties) = preSolution
		HideSolutionNode = FALSE
	EndGlobalSection
	GlobalSection(ExtensibilityGlobals) = postSolution
		SolutionGuid = {A5DA5500-FBAE-4E30-AEA4-00E4B7FE24AC}
	EndGlobalSection
EndGlobal
